// !$*UTF8*$!
{
	archiveVersion = 1;
	classes = {
	};
	objectVersion = 56;
	objects = {

/* Begin PBXBuildFile section */
		D718C5352C6FB7B1007A9D97 /* EmptySectionDropDelegate.swift in Sources */ = {isa = PBXBuildFile; fileRef = D718C5342C6FB7B1007A9D97 /* EmptySectionDropDelegate.swift */; };
		D718C5372C6FB7EE007A9D97 /* SectionDropDelegate.swift in Sources */ = {isa = PBXBuildFile; fileRef = D718C5362C6FB7EE007A9D97 /* SectionDropDelegate.swift */; };
		D718C5392C6FE54B007A9D97 /* RemoveDropDelegate.swift in Sources */ = {isa = PBXBuildFile; fileRef = D718C5382C6FE54B007A9D97 /* RemoveDropDelegate.swift */; };
		D718C53C2C7009AA007A9D97 /* ButtonView.swift in Sources */ = {isa = PBXBuildFile; fileRef = D718C53B2C7009AA007A9D97 /* ButtonView.swift */; };
		D718C53E2C700A03007A9D97 /* Section.swift in Sources */ = {isa = PBXBuildFile; fileRef = D718C53D2C700A03007A9D97 /* Section.swift */; };
		D718C5402C700A6A007A9D97 /* ButtonModel.swift in Sources */ = {isa = PBXBuildFile; fileRef = D718C53F2C700A6A007A9D97 /* ButtonModel.swift */; };
		D718C5432C70182E007A9D97 /* VarType.swift in Sources */ = {isa = PBXBuildFile; fileRef = D718C5422C70182E007A9D97 /* VarType.swift */; };
		D718C5462C7111B0007A9D97 /* MyTextField.swift in Sources */ = {isa = PBXBuildFile; fileRef = D718C5452C7111B0007A9D97 /* MyTextField.swift */; };
		D718C5492C7152D1007A9D97 /* CardView.swift in Sources */ = {isa = PBXBuildFile; fileRef = D718C5482C7152D1007A9D97 /* CardView.swift */; };
		D718C54B2C7152E2007A9D97 /* CardModel.swift in Sources */ = {isa = PBXBuildFile; fileRef = D718C54A2C7152E2007A9D97 /* CardModel.swift */; };
		D7B579E42C5AFBDA000F86C4 /* SectionsGeneratorApp.swift in Sources */ = {isa = PBXBuildFile; fileRef = D7B579E32C5AFBDA000F86C4 /* SectionsGeneratorApp.swift */; };
		D7B579E62C5AFBDA000F86C4 /* HomeView.swift in Sources */ = {isa = PBXBuildFile; fileRef = D7B579E52C5AFBDA000F86C4 /* HomeView.swift */; };
		D7B579E82C5AFBDD000F86C4 /* Assets.xcassets in Resources */ = {isa = PBXBuildFile; fileRef = D7B579E72C5AFBDD000F86C4 /* Assets.xcassets */; };
		D7B579EC2C5AFBDD000F86C4 /* Preview Assets.xcassets in Resources */ = {isa = PBXBuildFile; fileRef = D7B579EB2C5AFBDD000F86C4 /* Preview Assets.xcassets */; };
		D7B579F42C5AFE3A000F86C4 /* SectionView.swift in Sources */ = {isa = PBXBuildFile; fileRef = D7B579F32C5AFE3A000F86C4 /* SectionView.swift */; };
		D7B579F62C5B055B000F86C4 /* SectionModel.swift in Sources */ = {isa = PBXBuildFile; fileRef = D7B579F52C5B055B000F86C4 /* SectionModel.swift */; };
/* End PBXBuildFile section */

/* Begin PBXFileReference section */
		D718C5342C6FB7B1007A9D97 /* EmptySectionDropDelegate.swift */ = {isa = PBXFileReference; lastKnownFileType = sourcecode.swift; path = EmptySectionDropDelegate.swift; sourceTree = "<group>"; };
		D718C5362C6FB7EE007A9D97 /* SectionDropDelegate.swift */ = {isa = PBXFileReference; lastKnownFileType = sourcecode.swift; path = SectionDropDelegate.swift; sourceTree = "<group>"; };
		D718C5382C6FE54B007A9D97 /* RemoveDropDelegate.swift */ = {isa = PBXFileReference; lastKnownFileType = sourcecode.swift; path = RemoveDropDelegate.swift; sourceTree = "<group>"; };
		D718C53B2C7009AA007A9D97 /* ButtonView.swift */ = {isa = PBXFileReference; lastKnownFileType = sourcecode.swift; path = ButtonView.swift; sourceTree = "<group>"; };
		D718C53D2C700A03007A9D97 /* Section.swift */ = {isa = PBXFileReference; lastKnownFileType = sourcecode.swift; path = Section.swift; sourceTree = "<group>"; };
		D718C53F2C700A6A007A9D97 /* ButtonModel.swift */ = {isa = PBXFileReference; lastKnownFileType = sourcecode.swift; path = ButtonModel.swift; sourceTree = "<group>"; };
		D718C5422C70182E007A9D97 /* VarType.swift */ = {isa = PBXFileReference; lastKnownFileType = sourcecode.swift; path = VarType.swift; sourceTree = "<group>"; };
		D718C5452C7111B0007A9D97 /* MyTextField.swift */ = {isa = PBXFileReference; lastKnownFileType = sourcecode.swift; path = MyTextField.swift; sourceTree = "<group>"; };
		D718C5482C7152D1007A9D97 /* CardView.swift */ = {isa = PBXFileReference; lastKnownFileType = sourcecode.swift; path = CardView.swift; sourceTree = "<group>"; };
		D718C54A2C7152E2007A9D97 /* CardModel.swift */ = {isa = PBXFileReference; lastKnownFileType = sourcecode.swift; path = CardModel.swift; sourceTree = "<group>"; };
		D7B579E02C5AFBDA000F86C4 /* SectionsGenerator.app */ = {isa = PBXFileReference; explicitFileType = wrapper.application; includeInIndex = 0; path = SectionsGenerator.app; sourceTree = BUILT_PRODUCTS_DIR; };
		D7B579E32C5AFBDA000F86C4 /* SectionsGeneratorApp.swift */ = {isa = PBXFileReference; lastKnownFileType = sourcecode.swift; path = SectionsGeneratorApp.swift; sourceTree = "<group>"; };
		D7B579E52C5AFBDA000F86C4 /* HomeView.swift */ = {isa = PBXFileReference; lastKnownFileType = sourcecode.swift; path = HomeView.swift; sourceTree = "<group>"; };
		D7B579E72C5AFBDD000F86C4 /* Assets.xcassets */ = {isa = PBXFileReference; lastKnownFileType = folder.assetcatalog; path = Assets.xcassets; sourceTree = "<group>"; };
		D7B579E92C5AFBDD000F86C4 /* SectionsGenerator.entitlements */ = {isa = PBXFileReference; lastKnownFileType = text.plist.entitlements; path = SectionsGenerator.entitlements; sourceTree = "<group>"; };
		D7B579EB2C5AFBDD000F86C4 /* Preview Assets.xcassets */ = {isa = PBXFileReference; lastKnownFileType = folder.assetcatalog; path = "Preview Assets.xcassets"; sourceTree = "<group>"; };
		D7B579F32C5AFE3A000F86C4 /* SectionView.swift */ = {isa = PBXFileReference; lastKnownFileType = sourcecode.swift; path = SectionView.swift; sourceTree = "<group>"; };
		D7B579F52C5B055B000F86C4 /* SectionModel.swift */ = {isa = PBXFileReference; lastKnownFileType = sourcecode.swift; path = SectionModel.swift; sourceTree = "<group>"; };
/* End PBXFileReference section */

/* Begin PBXFrameworksBuildPhase section */
		D7B579DD2C5AFBDA000F86C4 /* Frameworks */ = {
			isa = PBXFrameworksBuildPhase;
			buildActionMask = 2147483647;
			files = (
			);
			runOnlyForDeploymentPostprocessing = 0;
		};
/* End PBXFrameworksBuildPhase section */

/* Begin PBXGroup section */
		D718C5332C6FB79D007A9D97 /* DropDelegate */ = {
			isa = PBXGroup;
			children = (
				D718C5342C6FB7B1007A9D97 /* EmptySectionDropDelegate.swift */,
				D718C5362C6FB7EE007A9D97 /* SectionDropDelegate.swift */,
				D718C5382C6FE54B007A9D97 /* RemoveDropDelegate.swift */,
			);
			path = DropDelegate;
			sourceTree = "<group>";
		};
		D718C53A2C70095F007A9D97 /* Button */ = {
			isa = PBXGroup;
			children = (
				D718C53B2C7009AA007A9D97 /* ButtonView.swift */,
				D718C53F2C700A6A007A9D97 /* ButtonModel.swift */,
			);
			path = Button;
			sourceTree = "<group>";
		};
		D718C5412C701819007A9D97 /* Model */ = {
			isa = PBXGroup;
			children = (
				D718C5422C70182E007A9D97 /* VarType.swift */,
			);
			path = Model;
			sourceTree = "<group>";
		};
		D718C5442C7111A3007A9D97 /* View */ = {
			isa = PBXGroup;
			children = (
				D718C5452C7111B0007A9D97 /* MyTextField.swift */,
			);
			path = View;
			sourceTree = "<group>";
		};
		D718C5472C715252007A9D97 /* Separator */ = {
			isa = PBXGroup;
			children = (
				D718C5482C7152D1007A9D97 /* CardView.swift */,
				D718C54A2C7152E2007A9D97 /* CardModel.swift */,
			);
			path = Separator;
			sourceTree = "<group>";
		};
		D7B579D72C5AFBDA000F86C4 = {
			isa = PBXGroup;
			children = (
				D7B579E22C5AFBDA000F86C4 /* SectionsGenerator */,
				D7B579E12C5AFBDA000F86C4 /* Products */,
			);
			sourceTree = "<group>";
		};
		D7B579E12C5AFBDA000F86C4 /* Products */ = {
			isa = PBXGroup;
			children = (
				D7B579E02C5AFBDA000F86C4 /* SectionsGenerator.app */,
			);
			name = Products;
			sourceTree = "<group>";
		};
		D7B579E22C5AFBDA000F86C4 /* SectionsGenerator */ = {
			isa = PBXGroup;
			children = (
				D718C5442C7111A3007A9D97 /* View */,
				D718C5412C701819007A9D97 /* Model */,
				D718C5332C6FB79D007A9D97 /* DropDelegate */,
				D7B579F22C5AFE2C000F86C4 /* Sections */,
				D7B579E32C5AFBDA000F86C4 /* SectionsGeneratorApp.swift */,
				D7B579E52C5AFBDA000F86C4 /* HomeView.swift */,
				D7B579E72C5AFBDD000F86C4 /* Assets.xcassets */,
				D7B579E92C5AFBDD000F86C4 /* SectionsGenerator.entitlements */,
				D7B579EA2C5AFBDD000F86C4 /* Preview Content */,
			);
			path = SectionsGenerator;
			sourceTree = "<group>";
		};
		D7B579EA2C5AFBDD000F86C4 /* Preview Content */ = {
			isa = PBXGroup;
			children = (
				D7B579EB2C5AFBDD000F86C4 /* Preview Assets.xcassets */,
			);
			path = "Preview Content";
			sourceTree = "<group>";
		};
		D7B579F22C5AFE2C000F86C4 /* Sections */ = {
			isa = PBXGroup;
			children = (
				D718C5472C715252007A9D97 /* Separator */,
				D718C53A2C70095F007A9D97 /* Button */,
				D7B579F32C5AFE3A000F86C4 /* SectionView.swift */,
				D7B579F52C5B055B000F86C4 /* SectionModel.swift */,
				D718C53D2C700A03007A9D97 /* Section.swift */,
			);
			path = Sections;
			sourceTree = "<group>";
		};
/* End PBXGroup section */

/* Begin PBXNativeTarget section */
		D7B579DF2C5AFBDA000F86C4 /* SectionsGenerator */ = {
			isa = PBXNativeTarget;
			buildConfigurationList = D7B579EF2C5AFBDD000F86C4 /* Build configuration list for PBXNativeTarget "SectionsGenerator" */;
			buildPhases = (
				D7B579DC2C5AFBDA000F86C4 /* Sources */,
				D7B579DD2C5AFBDA000F86C4 /* Frameworks */,
				D7B579DE2C5AFBDA000F86C4 /* Resources */,
			);
			buildRules = (
			);
			dependencies = (
			);
			name = SectionsGenerator;
			productName = SectionsGenerator;
			productReference = D7B579E02C5AFBDA000F86C4 /* SectionsGenerator.app */;
			productType = "com.apple.product-type.application";
		};
/* End PBXNativeTarget section */

/* Begin PBXProject section */
		D7B579D82C5AFBDA000F86C4 /* Project object */ = {
			isa = PBXProject;
			attributes = {
				BuildIndependentTargetsInParallel = 1;
				LastSwiftUpdateCheck = 1520;
				LastUpgradeCheck = 1520;
				TargetAttributes = {
					D7B579DF2C5AFBDA000F86C4 = {
						CreatedOnToolsVersion = 15.2;
					};
				};
			};
			buildConfigurationList = D7B579DB2C5AFBDA000F86C4 /* Build configuration list for PBXProject "SectionsGenerator" */;
			compatibilityVersion = "Xcode 14.0";
			developmentRegion = en;
			hasScannedForEncodings = 0;
			knownRegions = (
				en,
				Base,
			);
			mainGroup = D7B579D72C5AFBDA000F86C4;
			productRefGroup = D7B579E12C5AFBDA000F86C4 /* Products */;
			projectDirPath = "";
			projectRoot = "";
			targets = (
				D7B579DF2C5AFBDA000F86C4 /* SectionsGenerator */,
			);
		};
/* End PBXProject section */

/* Begin PBXResourcesBuildPhase section */
		D7B579DE2C5AFBDA000F86C4 /* Resources */ = {
			isa = PBXResourcesBuildPhase;
			buildActionMask = 2147483647;
			files = (
				D7B579EC2C5AFBDD000F86C4 /* Preview Assets.xcassets in Resources */,
				D7B579E82C5AFBDD000F86C4 /* Assets.xcassets in Resources */,
			);
			runOnlyForDeploymentPostprocessing = 0;
		};
/* End PBXResourcesBuildPhase section */

/* Begin PBXSourcesBuildPhase section */
		D7B579DC2C5AFBDA000F86C4 /* Sources */ = {
			isa = PBXSourcesBuildPhase;
			buildActionMask = 2147483647;
			files = (
				D718C53E2C700A03007A9D97 /* Section.swift in Sources */,
				D7B579E62C5AFBDA000F86C4 /* HomeView.swift in Sources */,
				D718C5352C6FB7B1007A9D97 /* EmptySectionDropDelegate.swift in Sources */,
				D718C54B2C7152E2007A9D97 /* CardModel.swift in Sources */,
				D718C5462C7111B0007A9D97 /* MyTextField.swift in Sources */,
				D718C53C2C7009AA007A9D97 /* ButtonView.swift in Sources */,
				D7B579E42C5AFBDA000F86C4 /* SectionsGeneratorApp.swift in Sources */,
				D7B579F42C5AFE3A000F86C4 /* SectionView.swift in Sources */,
				D718C5492C7152D1007A9D97 /* CardView.swift in Sources */,
				D7B579F62C5B055B000F86C4 /* SectionModel.swift in Sources */,
				D718C5402C700A6A007A9D97 /* ButtonModel.swift in Sources */,
				D718C5372C6FB7EE007A9D97 /* SectionDropDelegate.swift in Sources */,
				D718C5432C70182E007A9D97 /* VarType.swift in Sources */,
				D718C5392C6FE54B007A9D97 /* RemoveDropDelegate.swift in Sources */,
			);
			runOnlyForDeploymentPostprocessing = 0;
		};
/* End PBXSourcesBuildPhase section */

/* Begin XCBuildConfiguration section */
		D7B579ED2C5AFBDD000F86C4 /* Debug */ = {
			isa = XCBuildConfiguration;
			buildSettings = {
				ALWAYS_SEARCH_USER_PATHS = NO;
				ASSETCATALOG_COMPILER_GENERATE_SWIFT_ASSET_SYMBOL_EXTENSIONS = YES;
				CLANG_ANALYZER_NONNULL = YES;
				CLANG_ANALYZER_NUMBER_OBJECT_CONVERSION = YES_AGGRESSIVE;
				CLANG_CXX_LANGUAGE_STANDARD = "gnu++20";
				CLANG_ENABLE_MODULES = YES;
				CLANG_ENABLE_OBJC_ARC = YES;
				CLANG_ENABLE_OBJC_WEAK = YES;
				CLANG_WARN_BLOCK_CAPTURE_AUTORELEASING = YES;
				CLANG_WARN_BOOL_CONVERSION = YES;
				CLANG_WARN_COMMA = YES;
				CLANG_WARN_CONSTANT_CONVERSION = YES;
				CLANG_WARN_DEPRECATED_OBJC_IMPLEMENTATIONS = YES;
				CLANG_WARN_DIRECT_OBJC_ISA_USAGE = YES_ERROR;
				CLANG_WARN_DOCUMENTATION_COMMENTS = YES;
				CLANG_WARN_EMPTY_BODY = YES;
				CLANG_WARN_ENUM_CONVERSION = YES;
				CLANG_WARN_INFINITE_RECURSION = YES;
				CLANG_WARN_INT_CONVERSION = YES;
				CLANG_WARN_NON_LITERAL_NULL_CONVERSION = YES;
				CLANG_WARN_OBJC_IMPLICIT_RETAIN_SELF = YES;
				CLANG_WARN_OBJC_LITERAL_CONVERSION = YES;
				CLANG_WARN_OBJC_ROOT_CLASS = YES_ERROR;
				CLANG_WARN_QUOTED_INCLUDE_IN_FRAMEWORK_HEADER = YES;
				CLANG_WARN_RANGE_LOOP_ANALYSIS = YES;
				CLANG_WARN_STRICT_PROTOTYPES = YES;
				CLANG_WARN_SUSPICIOUS_MOVE = YES;
				CLANG_WARN_UNGUARDED_AVAILABILITY = YES_AGGRESSIVE;
				CLANG_WARN_UNREACHABLE_CODE = YES;
				CLANG_WARN__DUPLICATE_METHOD_MATCH = YES;
				COPY_PHASE_STRIP = NO;
				DEBUG_INFORMATION_FORMAT = dwarf;
				ENABLE_STRICT_OBJC_MSGSEND = YES;
				ENABLE_TESTABILITY = YES;
				ENABLE_USER_SCRIPT_SANDBOXING = YES;
				GCC_C_LANGUAGE_STANDARD = gnu17;
				GCC_DYNAMIC_NO_PIC = NO;
				GCC_NO_COMMON_BLOCKS = YES;
				GCC_OPTIMIZATION_LEVEL = 0;
				GCC_PREPROCESSOR_DEFINITIONS = (
					"DEBUG=1",
					"$(inherited)",
				);
				GCC_WARN_64_TO_32_BIT_CONVERSION = YES;
				GCC_WARN_ABOUT_RETURN_TYPE = YES_ERROR;
				GCC_WARN_UNDECLARED_SELECTOR = YES;
				GCC_WARN_UNINITIALIZED_AUTOS = YES_AGGRESSIVE;
				GCC_WARN_UNUSED_FUNCTION = YES;
				GCC_WARN_UNUSED_VARIABLE = YES;
				LOCALIZATION_PREFERS_STRING_CATALOGS = YES;
				MTL_ENABLE_DEBUG_INFO = INCLUDE_SOURCE;
				MTL_FAST_MATH = YES;
				ONLY_ACTIVE_ARCH = YES;
				SWIFT_ACTIVE_COMPILATION_CONDITIONS = "DEBUG $(inherited)";
				SWIFT_OPTIMIZATION_LEVEL = "-Onone";
			};
			name = Debug;
		};
		D7B579EE2C5AFBDD000F86C4 /* Release */ = {
			isa = XCBuildConfiguration;
			buildSettings = {
				ALWAYS_SEARCH_USER_PATHS = NO;
				ASSETCATALOG_COMPILER_GENERATE_SWIFT_ASSET_SYMBOL_EXTENSIONS = YES;
				CLANG_ANALYZER_NONNULL = YES;
				CLANG_ANALYZER_NUMBER_OBJECT_CONVERSION = YES_AGGRESSIVE;
				CLANG_CXX_LANGUAGE_STANDARD = "gnu++20";
				CLANG_ENABLE_MODULES = YES;
				CLANG_ENABLE_OBJC_ARC = YES;
				CLANG_ENABLE_OBJC_WEAK = YES;
				CLANG_WARN_BLOCK_CAPTURE_AUTORELEASING = YES;
				CLANG_WARN_BOOL_CONVERSION = YES;
				CLANG_WARN_COMMA = YES;
				CLANG_WARN_CONSTANT_CONVERSION = YES;
				CLANG_WARN_DEPRECATED_OBJC_IMPLEMENTATIONS = YES;
				CLANG_WARN_DIRECT_OBJC_ISA_USAGE = YES_ERROR;
				CLANG_WARN_DOCUMENTATION_COMMENTS = YES;
				CLANG_WARN_EMPTY_BODY = YES;
				CLANG_WARN_ENUM_CONVERSION = YES;
				CLANG_WARN_INFINITE_RECURSION = YES;
				CLANG_WARN_INT_CONVERSION = YES;
				CLANG_WARN_NON_LITERAL_NULL_CONVERSION = YES;
				CLANG_WARN_OBJC_IMPLICIT_RETAIN_SELF = YES;
				CLANG_WARN_OBJC_LITERAL_CONVERSION = YES;
				CLANG_WARN_OBJC_ROOT_CLASS = YES_ERROR;
				CLANG_WARN_QUOTED_INCLUDE_IN_FRAMEWORK_HEADER = YES;
				CLANG_WARN_RANGE_LOOP_ANALYSIS = YES;
				CLANG_WARN_STRICT_PROTOTYPES = YES;
				CLANG_WARN_SUSPICIOUS_MOVE = YES;
				CLANG_WARN_UNGUARDED_AVAILABILITY = YES_AGGRESSIVE;
				CLANG_WARN_UNREACHABLE_CODE = YES;
				CLANG_WARN__DUPLICATE_METHOD_MATCH = YES;
				COPY_PHASE_STRIP = NO;
				DEBUG_INFORMATION_FORMAT = "dwarf-with-dsym";
				ENABLE_NS_ASSERTIONS = NO;
				ENABLE_STRICT_OBJC_MSGSEND = YES;
				ENABLE_USER_SCRIPT_SANDBOXING = YES;
				GCC_C_LANGUAGE_STANDARD = gnu17;
				GCC_NO_COMMON_BLOCKS = YES;
				GCC_WARN_64_TO_32_BIT_CONVERSION = YES;
				GCC_WARN_ABOUT_RETURN_TYPE = YES_ERROR;
				GCC_WARN_UNDECLARED_SELECTOR = YES;
				GCC_WARN_UNINITIALIZED_AUTOS = YES_AGGRESSIVE;
				GCC_WARN_UNUSED_FUNCTION = YES;
				GCC_WARN_UNUSED_VARIABLE = YES;
				LOCALIZATION_PREFERS_STRING_CATALOGS = YES;
				MTL_ENABLE_DEBUG_INFO = NO;
				MTL_FAST_MATH = YES;
				SWIFT_COMPILATION_MODE = wholemodule;
			};
			name = Release;
		};
		D7B579F02C5AFBDD000F86C4 /* Debug */ = {
			isa = XCBuildConfiguration;
			buildSettings = {
				ASSETCATALOG_COMPILER_APPICON_NAME = AppIcon;
				ASSETCATALOG_COMPILER_GLOBAL_ACCENT_COLOR_NAME = AccentColor;
				CODE_SIGN_ENTITLEMENTS = SectionsGenerator/SectionsGenerator.entitlements;
				CODE_SIGN_STYLE = Automatic;
				CURRENT_PROJECT_VERSION = 1;
				DEVELOPMENT_ASSET_PATHS = "\"SectionsGenerator/Preview Content\"";
				DEVELOPMENT_TEAM = 745KR7KTJ3;
				ENABLE_HARDENED_RUNTIME = YES;
				ENABLE_PREVIEWS = YES;
				GENERATE_INFOPLIST_FILE = YES;
				"INFOPLIST_KEY_UIApplicationSceneManifest_Generation[sdk=iphoneos*]" = YES;
				"INFOPLIST_KEY_UIApplicationSceneManifest_Generation[sdk=iphonesimulator*]" = YES;
				"INFOPLIST_KEY_UIApplicationSupportsIndirectInputEvents[sdk=iphoneos*]" = YES;
				"INFOPLIST_KEY_UIApplicationSupportsIndirectInputEvents[sdk=iphonesimulator*]" = YES;
				"INFOPLIST_KEY_UILaunchScreen_Generation[sdk=iphoneos*]" = YES;
				"INFOPLIST_KEY_UILaunchScreen_Generation[sdk=iphonesimulator*]" = YES;
				"INFOPLIST_KEY_UIStatusBarStyle[sdk=iphoneos*]" = UIStatusBarStyleDefault;
				"INFOPLIST_KEY_UIStatusBarStyle[sdk=iphonesimulator*]" = UIStatusBarStyleDefault;
				INFOPLIST_KEY_UISupportedInterfaceOrientations_iPad = "UIInterfaceOrientationPortrait UIInterfaceOrientationPortraitUpsideDown UIInterfaceOrientationLandscapeLeft UIInterfaceOrientationLandscapeRight";
				INFOPLIST_KEY_UISupportedInterfaceOrientations_iPhone = "UIInterfaceOrientationPortrait UIInterfaceOrientationLandscapeLeft UIInterfaceOrientationLandscapeRight";
				IPHONEOS_DEPLOYMENT_TARGET = 17.2;
				LD_RUNPATH_SEARCH_PATHS = "@executable_path/Frameworks";
				"LD_RUNPATH_SEARCH_PATHS[sdk=macosx*]" = "@executable_path/../Frameworks";
				MACOSX_DEPLOYMENT_TARGET = 14.2;
				MARKETING_VERSION = 1.0;
				PRODUCT_BUNDLE_IDENTIFIER = com.dev.rafaalt.SectionsGenerator;
				PRODUCT_NAME = "$(TARGET_NAME)";
				SDKROOT = auto;
				SUPPORTED_PLATFORMS = "iphoneos iphonesimulator macosx";
				SUPPORTS_MACCATALYST = NO;
				SWIFT_EMIT_LOC_STRINGS = YES;
				SWIFT_VERSION = 5.0;
				TARGETED_DEVICE_FAMILY = "1,2";
			};
			name = Debug;
		};
		D7B579F12C5AFBDD000F86C4 /* Release */ = {
			isa = XCBuildConfiguration;
			buildSettings = {
				ASSETCATALOG_COMPILER_APPICON_NAME = AppIcon;
				ASSETCATALOG_COMPILER_GLOBAL_ACCENT_COLOR_NAME = AccentColor;
				CODE_SIGN_ENTITLEMENTS = SectionsGenerator/SectionsGenerator.entitlements;
				CODE_SIGN_STYLE = Automatic;
				CURRENT_PROJECT_VERSION = 1;
				DEVELOPMENT_ASSET_PATHS = "\"SectionsGenerator/Preview Content\"";
				DEVELOPMENT_TEAM = 745KR7KTJ3;
				ENABLE_HARDENED_RUNTIME = YES;
				ENABLE_PREVIEWS = YES;
				GENERATE_INFOPLIST_FILE = YES;
				"INFOPLIST_KEY_UIApplicationSceneManifest_Generation[sdk=iphoneos*]" = YES;
				"INFOPLIST_KEY_UIApplicationSceneManifest_Generation[sdk=iphonesimulator*]" = YES;
				"INFOPLIST_KEY_UIApplicationSupportsIndirectInputEvents[sdk=iphoneos*]" = YES;
				"INFOPLIST_KEY_UIApplicationSupportsIndirectInputEvents[sdk=iphonesimulator*]" = YES;
				"INFOPLIST_KEY_UILaunchScreen_Generation[sdk=iphoneos*]" = YES;
				"INFOPLIST_KEY_UILaunchScreen_Generation[sdk=iphonesimulator*]" = YES;
				"INFOPLIST_KEY_UIStatusBarStyle[sdk=iphoneos*]" = UIStatusBarStyleDefault;
				"INFOPLIST_KEY_UIStatusBarStyle[sdk=iphonesimulator*]" = UIStatusBarStyleDefault;
				INFOPLIST_KEY_UISupportedInterfaceOrientations_iPad = "UIInterfaceOrientationPortrait UIInterfaceOrientationPortraitUpsideDown UIInterfaceOrientationLandscapeLeft UIInterfaceOrientationLandscapeRight";
				INFOPLIST_KEY_UISupportedInterfaceOrientations_iPhone = "UIInterfaceOrientationPortrait UIInterfaceOrientationLandscapeLeft UIInterfaceOrientationLandscapeRight";
				IPHONEOS_DEPLOYMENT_TARGET = 17.2;
				LD_RUNPATH_SEARCH_PATHS = "@executable_path/Frameworks";
				"LD_RUNPATH_SEARCH_PATHS[sdk=macosx*]" = "@executable_path/../Frameworks";
				MACOSX_DEPLOYMENT_TARGET = 14.2;
				MARKETING_VERSION = 1.0;
				PRODUCT_BUNDLE_IDENTIFIER = com.dev.rafaalt.SectionsGenerator;
				PRODUCT_NAME = "$(TARGET_NAME)";
				SDKROOT = auto;
				SUPPORTED_PLATFORMS = "iphoneos iphonesimulator macosx";
				SUPPORTS_MACCATALYST = NO;
				SWIFT_EMIT_LOC_STRINGS = YES;
				SWIFT_VERSION = 5.0;
				TARGETED_DEVICE_FAMILY = "1,2";
			};
			name = Release;
		};
/* End XCBuildConfiguration section */

/* Begin XCConfigurationList section */
		D7B579DB2C5AFBDA000F86C4 /* Build configuration list for PBXProject "SectionsGenerator" */ = {
			isa = XCConfigurationList;
			buildConfigurations = (
				D7B579ED2C5AFBDD000F86C4 /* Debug */,
				D7B579EE2C5AFBDD000F86C4 /* Release */,
			);
			defaultConfigurationIsVisible = 0;
			defaultConfigurationName = Release;
		};
		D7B579EF2C5AFBDD000F86C4 /* Build configuration list for PBXNativeTarget "SectionsGenerator" */ = {
			isa = XCConfigurationList;
			buildConfigurations = (
				D7B579F02C5AFBDD000F86C4 /* Debug */,
				D7B579F12C5AFBDD000F86C4 /* Release */,
			);
			defaultConfigurationIsVisible = 0;
			defaultConfigurationName = Release;
		};
/* End XCConfigurationList section */
	};
	rootObject = D7B579D82C5AFBDA000F86C4 /* Project object */;
}
